// !$*UTF8*$!
{
	archiveVersion = 1;
	classes = {
	};
	objectVersion = 77;
	objects = {

/* Begin PBXBuildFile section */
		6C0C476A2F16FAD800940A31 /* RoomPlan.framework in Frameworks */ = {isa = PBXBuildFile; fileRef = 6C0C47692F16FAD800940A31 /* RoomPlan.framework */; platformFilter = ios; };
		6C60964A2F219D360054B929 /* .gitignore in Resources */ = {isa = PBXBuildFile; fileRef = 6C6096492F219D360054B929 /* .gitignore */; };
		6C60964C2F219D610054B929 /* README.md in Resources */ = {isa = PBXBuildFile; fileRef = 6C60964B2F219D610054B929 /* README.md */; };
		6C60964E2F219D900054B929 /* GITHUB_SETUP.md in Resources */ = {isa = PBXBuildFile; fileRef = 6C60964D2F219D900054B929 /* GITHUB_SETUP.md */; };
		6CCE7BFA2F1ABDE50049669A /* OnboardingView.swift in Sources */ = {isa = PBXBuildFile; fileRef = 6CCE7BF92F1ABDE50049669A /* OnboardingView.swift */; };
		6CCE7BFC2F1ABE2C0049669A /* HomeDashboardView.swift in Sources */ = {isa = PBXBuildFile; fileRef = 6CCE7BFB2F1ABE2C0049669A /* HomeDashboardView.swift */; };
		6CCE7BFE2F1ABE680049669A /* ClaimDetailView.swift in Sources */ = {isa = PBXBuildFile; fileRef = 6CCE7BFD2F1ABE680049669A /* ClaimDetailView.swift */; };
		6CCE7C002F1ABE8A0049669A /* PostScanQuickActionsView.swift in Sources */ = {isa = PBXBuildFile; fileRef = 6CCE7BFF2F1ABE8A0049669A /* PostScanQuickActionsView.swift */; };
		6CCE7C022F1ABEAD0049669A /* QuickDamageEntryView.swift in Sources */ = {isa = PBXBuildFile; fileRef = 6CCE7C012F1ABEAD0049669A /* QuickDamageEntryView.swift */; };
		6CCE7C042F1ABECE0049669A /* MaterialTaggingView.swift in Sources */ = {isa = PBXBuildFile; fileRef = 6CCE7C032F1ABECE0049669A /* MaterialTaggingView.swift */; };
		6CCE7C082F1ABF5C0049669A /* ENHANCED_WORKFLOW.md in Resources */ = {isa = PBXBuildFile; fileRef = 6CCE7C072F1ABF5C0049669A /* ENHANCED_WORKFLOW.md */; };
		6CCE7C0A2F1ABF980049669A /* IMPLEMENTATION_SUMMARY.md in Resources */ = {isa = PBXBuildFile; fileRef = 6CCE7C092F1ABF980049669A /* IMPLEMENTATION_SUMMARY.md */; };
		6CCE7C0C2F1ABFE00049669A /* VISUAL_FLOW.md in Resources */ = {isa = PBXBuildFile; fileRef = 6CCE7C0B2F1ABFE00049669A /* VISUAL_FLOW.md */; };
		6CCE7C0E2F1AC0170049669A /* QUICKSTART.md in Resources */ = {isa = PBXBuildFile; fileRef = 6CCE7C0D2F1AC0170049669A /* QUICKSTART.md */; };
		6CCE7C102F1AC04F0049669A /* CHECKLIST.md in Resources */ = {isa = PBXBuildFile; fileRef = 6CCE7C0F2F1AC04F0049669A /* CHECKLIST.md */; };
		6CCE7C162F1AC3900049669A /* PaulDavisTheme.swift in Sources */ = {isa = PBXBuildFile; fileRef = 6CCE7C152F1AC3900049669A /* PaulDavisTheme.swift */; };
		6CCE7C1B2F1AC3C10049669A /* PAUL_DAVIS_BRANDING.md in Resources */ = {isa = PBXBuildFile; fileRef = 6CCE7C1A2F1AC3C10049669A /* PAUL_DAVIS_BRANDING.md */; };
		6CCE7C232F1AC5330049669A /* BRANDING_STATUS.md in Resources */ = {isa = PBXBuildFile; fileRef = 6CCE7C222F1AC5330049669A /* BRANDING_STATUS.md */; };
/* End PBXBuildFile section */

/* Begin PBXFileReference section */
		6C0C47562F16F7EE00940A31 /* XtMate.app */ = {isa = PBXFileReference; explicitFileType = wrapper.application; includeInIndex = 0; path = XtMate.app; sourceTree = BUILT_PRODUCTS_DIR; };
		6C0C47692F16FAD800940A31 /* RoomPlan.framework */ = {isa = PBXFileReference; lastKnownFileType = wrapper.framework; name = RoomPlan.framework; path = Platforms/iPhoneOS.platform/Developer/SDKs/iPhoneOS26.2.sdk/System/Library/Frameworks/RoomPlan.framework; sourceTree = DEVELOPER_DIR; };
		6C6096492F219D360054B929 /* .gitignore */ = {isa = PBXFileReference; lastKnownFileType = text; path = .gitignore; sourceTree = "<group>"; };
		6C60964B2F219D610054B929 /* README.md */ = {isa = PBXFileReference; lastKnownFileType = net.daringfireball.markdown; path = README.md; sourceTree = "<group>"; };
		6C60964D2F219D900054B929 /* GITHUB_SETUP.md */ = {isa = PBXFileReference; lastKnownFileType = net.daringfireball.markdown; path = GITHUB_SETUP.md; sourceTree = "<group>"; };
		6CCE7BF92F1ABDE50049669A /* OnboardingView.swift */ = {isa = PBXFileReference; lastKnownFileType = sourcecode.swift; path = OnboardingView.swift; sourceTree = "<group>"; };
		6CCE7BFB2F1ABE2C0049669A /* HomeDashboardView.swift */ = {isa = PBXFileReference; lastKnownFileType = sourcecode.swift; path = HomeDashboardView.swift; sourceTree = "<group>"; };
		6CCE7BFD2F1ABE680049669A /* ClaimDetailView.swift */ = {isa = PBXFileReference; lastKnownFileType = sourcecode.swift; path = ClaimDetailView.swift; sourceTree = "<group>"; };
		6CCE7BFF2F1ABE8A0049669A /* PostScanQuickActionsView.swift */ = {isa = PBXFileReference; lastKnownFileType = sourcecode.swift; path = PostScanQuickActionsView.swift; sourceTree = "<group>"; };
		6CCE7C012F1ABEAD0049669A /* QuickDamageEntryView.swift */ = {isa = PBXFileReference; lastKnownFileType = sourcecode.swift; path = QuickDamageEntryView.swift; sourceTree = "<group>"; };
		6CCE7C032F1ABECE0049669A /* MaterialTaggingView.swift */ = {isa = PBXFileReference; lastKnownFileType = sourcecode.swift; path = MaterialTaggingView.swift; sourceTree = "<group>"; };
		6CCE7C072F1ABF5C0049669A /* ENHANCED_WORKFLOW.md */ = {isa = PBXFileReference; lastKnownFileType = net.daringfireball.markdown; path = ENHANCED_WORKFLOW.md; sourceTree = "<group>"; };
		6CCE7C092F1ABF980049669A /* IMPLEMENTATION_SUMMARY.md */ = {isa = PBXFileReference; lastKnownFileType = net.daringfireball.markdown; path = IMPLEMENTATION_SUMMARY.md; sourceTree = "<group>"; };
		6CCE7C0B2F1ABFE00049669A /* VISUAL_FLOW.md */ = {isa = PBXFileReference; lastKnownFileType = net.daringfireball.markdown; path = VISUAL_FLOW.md; sourceTree = "<group>"; };
		6CCE7C0D2F1AC0170049669A /* QUICKSTART.md */ = {isa = PBXFileReference; lastKnownFileType = net.daringfireball.markdown; path = QUICKSTART.md; sourceTree = "<group>"; };
		6CCE7C0F2F1AC04F0049669A /* CHECKLIST.md */ = {isa = PBXFileReference; lastKnownFileType = net.daringfireball.markdown; path = CHECKLIST.md; sourceTree = "<group>"; };
		6CCE7C152F1AC3900049669A /* PaulDavisTheme.swift */ = {isa = PBXFileReference; lastKnownFileType = sourcecode.swift; path = PaulDavisTheme.swift; sourceTree = "<group>"; };
		6CCE7C1A2F1AC3C10049669A /* PAUL_DAVIS_BRANDING.md */ = {isa = PBXFileReference; lastKnownFileType = net.daringfireball.markdown; path = PAUL_DAVIS_BRANDING.md; sourceTree = "<group>"; };
		6CCE7C222F1AC5330049669A /* BRANDING_STATUS.md */ = {isa = PBXFileReference; lastKnownFileType = net.daringfireball.markdown; path = BRANDING_STATUS.md; sourceTree = "<group>"; };
/* End PBXFileReference section */

/* Begin PBXFileSystemSynchronizedBuildFileExceptionSet section */
		6C0C47652F16F92700940A31 /* Exceptions for "XtMate" folder in "XtMate" target */ = {
			isa = PBXFileSystemSynchronizedBuildFileExceptionSet;
			membershipExceptions = (
				Info.plist,
			);
			target = 6C0C47552F16F7EE00940A31 /* XtMate */;
		};
/* End PBXFileSystemSynchronizedBuildFileExceptionSet section */

/* Begin PBXFileSystemSynchronizedRootGroup section */
		6C0C47582F16F7EE00940A31 /* XtMate */ = {
			isa = PBXFileSystemSynchronizedRootGroup;
			exceptions = (
				6C0C47652F16F92700940A31 /* Exceptions for "XtMate" folder in "XtMate" target */,
			);
			path = XtMate;
			sourceTree = "<group>";
		};
/* End PBXFileSystemSynchronizedRootGroup section */

/* Begin PBXFrameworksBuildPhase section */
		6C0C47532F16F7EE00940A31 /* Frameworks */ = {
			isa = PBXFrameworksBuildPhase;
			buildActionMask = 2147483647;
			files = (
				6C0C476A2F16FAD800940A31 /* RoomPlan.framework in Frameworks */,
			);
			runOnlyForDeploymentPostprocessing = 0;
		};
/* End PBXFrameworksBuildPhase section */

/* Begin PBXGroup section */
		6C0C474D2F16F7EE00940A31 = {
			isa = PBXGroup;
			children = (
				6C0C47582F16F7EE00940A31 /* XtMate */,
				6C0C47682F16FAD800940A31 /* Frameworks */,
				6C0C47572F16F7EE00940A31 /* Products */,
				6CCE7BF92F1ABDE50049669A /* OnboardingView.swift */,
				6CCE7BFB2F1ABE2C0049669A /* HomeDashboardView.swift */,
				6CCE7BFD2F1ABE680049669A /* ClaimDetailView.swift */,
				6CCE7BFF2F1ABE8A0049669A /* PostScanQuickActionsView.swift */,
				6CCE7C012F1ABEAD0049669A /* QuickDamageEntryView.swift */,
				6CCE7C032F1ABECE0049669A /* MaterialTaggingView.swift */,
				6CCE7C072F1ABF5C0049669A /* ENHANCED_WORKFLOW.md */,
				6CCE7C092F1ABF980049669A /* IMPLEMENTATION_SUMMARY.md */,
				6CCE7C0B2F1ABFE00049669A /* VISUAL_FLOW.md */,
				6CCE7C0D2F1AC0170049669A /* QUICKSTART.md */,
				6CCE7C0F2F1AC04F0049669A /* CHECKLIST.md */,
				6CCE7C152F1AC3900049669A /* PaulDavisTheme.swift */,
				6CCE7C1A2F1AC3C10049669A /* PAUL_DAVIS_BRANDING.md */,
				6CCE7C222F1AC5330049669A /* BRANDING_STATUS.md */,
				6C6096492F219D360054B929 /* .gitignore */,
				6C60964B2F219D610054B929 /* README.md */,
				6C60964D2F219D900054B929 /* GITHUB_SETUP.md */,
			);
			sourceTree = "<group>";
		};
		6C0C47572F16F7EE00940A31 /* Products */ = {
			isa = PBXGroup;
			children = (
				6C0C47562F16F7EE00940A31 /* XtMate.app */,
			);
			name = Products;
			sourceTree = "<group>";
		};
		6C0C47682F16FAD800940A31 /* Frameworks */ = {
			isa = PBXGroup;
			children = (
				6C0C47692F16FAD800940A31 /* RoomPlan.framework */,
			);
			name = Frameworks;
			sourceTree = "<group>";
		};
/* End PBXGroup section */

/* Begin PBXNativeTarget section */
		6C0C47552F16F7EE00940A31 /* XtMate */ = {
			isa = PBXNativeTarget;
			buildConfigurationList = 6C0C47612F16F7EF00940A31 /* Build configuration list for PBXNativeTarget "XtMate" */;
			buildPhases = (
				6C0C47522F16F7EE00940A31 /* Sources */,
				6C0C47532F16F7EE00940A31 /* Frameworks */,
				6C0C47542F16F7EE00940A31 /* Resources */,
			);
			buildRules = (
			);
			dependencies = (
			);
			fileSystemSynchronizedGroups = (
				6C0C47582F16F7EE00940A31 /* XtMate */,
			);
			name = XtMate;
			packageProductDependencies = (
			);
			productName = XtMate;
			productReference = 6C0C47562F16F7EE00940A31 /* XtMate.app */;
			productType = "com.apple.product-type.application";
		};
/* End PBXNativeTarget section */

/* Begin PBXProject section */
		6C0C474E2F16F7EE00940A31 /* Project object */ = {
			isa = PBXProject;
			attributes = {
				BuildIndependentTargetsInParallel = 1;
				LastSwiftUpdateCheck = 2620;
				LastUpgradeCheck = 2620;
				TargetAttributes = {
					6C0C47552F16F7EE00940A31 = {
						CreatedOnToolsVersion = 26.2;
					};
				};
			};
			buildConfigurationList = 6C0C47512F16F7EE00940A31 /* Build configuration list for PBXProject "XtMate" */;
			developmentRegion = en;
			hasScannedForEncodings = 0;
			knownRegions = (
				en,
				Base,
			);
			mainGroup = 6C0C474D2F16F7EE00940A31;
			minimizedProjectReferenceProxies = 1;
			preferredProjectObjectVersion = 77;
			productRefGroup = 6C0C47572F16F7EE00940A31 /* Products */;
			projectDirPath = "";
			projectRoot = "";
			targets = (
				6C0C47552F16F7EE00940A31 /* XtMate */,
			);
		};
/* End PBXProject section */

/* Begin PBXResourcesBuildPhase section */
		6C0C47542F16F7EE00940A31 /* Resources */ = {
			isa = PBXResourcesBuildPhase;
			buildActionMask = 2147483647;
			files = (
				6CCE7C232F1AC5330049669A /* BRANDING_STATUS.md in Resources */,
				6C60964E2F219D900054B929 /* GITHUB_SETUP.md in Resources */,
				6CCE7C082F1ABF5C0049669A /* ENHANCED_WORKFLOW.md in Resources */,
				6CCE7C0E2F1AC0170049669A /* QUICKSTART.md in Resources */,
				6CCE7C0C2F1ABFE00049669A /* VISUAL_FLOW.md in Resources */,
				6CCE7C0A2F1ABF980049669A /* IMPLEMENTATION_SUMMARY.md in Resources */,
				6CCE7C1B2F1AC3C10049669A /* PAUL_DAVIS_BRANDING.md in Resources */,
				6C60964A2F219D360054B929 /* .gitignore in Resources */,
				6C60964C2F219D610054B929 /* README.md in Resources */,
				6CCE7C102F1AC04F0049669A /* CHECKLIST.md in Resources */,
			);
			runOnlyForDeploymentPostprocessing = 0;
		};
/* End PBXResourcesBuildPhase section */

/* Begin PBXSourcesBuildPhase section */
		6C0C47522F16F7EE00940A31 /* Sources */ = {
			isa = PBXSourcesBuildPhase;
			buildActionMask = 2147483647;
			files = (
				6CCE7BFA2F1ABDE50049669A /* OnboardingView.swift in Sources */,
				6CCE7C162F1AC3900049669A /* PaulDavisTheme.swift in Sources */,
				6CCE7BFE2F1ABE680049669A /* ClaimDetailView.swift in Sources */,
				6CCE7C002F1ABE8A0049669A /* PostScanQuickActionsView.swift in Sources */,
				6CCE7C022F1ABEAD0049669A /* QuickDamageEntryView.swift in Sources */,
				6CCE7C042F1ABECE0049669A /* MaterialTaggingView.swift in Sources */,
				6CCE7BFC2F1ABE2C0049669A /* HomeDashboardView.swift in Sources */,
			);
			runOnlyForDeploymentPostprocessing = 0;
		};
/* End PBXSourcesBuildPhase section */

/* Begin XCBuildConfiguration section */
		6C0C475F2F16F7EF00940A31 /* Debug */ = {
			isa = XCBuildConfiguration;
			buildSettings = {
				ALWAYS_SEARCH_USER_PATHS = NO;
				ASSETCATALOG_COMPILER_GENERATE_SWIFT_ASSET_SYMBOL_EXTENSIONS = YES;
				CLANG_ANALYZER_NONNULL = YES;
				CLANG_ANALYZER_NUMBER_OBJECT_CONVERSION = YES_AGGRESSIVE;
				CLANG_CXX_LANGUAGE_STANDARD = "gnu++20";
				CLANG_ENABLE_MODULES = YES;
				CLANG_ENABLE_OBJC_ARC = YES;
				CLANG_ENABLE_OBJC_WEAK = YES;
				CLANG_WARN_BLOCK_CAPTURE_AUTORELEASING = YES;
				CLANG_WARN_BOOL_CONVERSION = YES;
				CLANG_WARN_COMMA = YES;
				CLANG_WARN_CONSTANT_CONVERSION = YES;
				CLANG_WARN_DEPRECATED_OBJC_IMPLEMENTATIONS = YES;
				CLANG_WARN_DIRECT_OBJC_ISA_USAGE = YES_ERROR;
				CLANG_WARN_DOCUMENTATION_COMMENTS = YES;
				CLANG_WARN_EMPTY_BODY = YES;
				CLANG_WARN_ENUM_CONVERSION = YES;
				CLANG_WARN_INFINITE_RECURSION = YES;
				CLANG_WARN_INT_CONVERSION = YES;
				CLANG_WARN_NON_LITERAL_NULL_CONVERSION = YES;
				CLANG_WARN_OBJC_IMPLICIT_RETAIN_SELF = YES;
				CLANG_WARN_OBJC_LITERAL_CONVERSION = YES;
				CLANG_WARN_OBJC_ROOT_CLASS = YES_ERROR;
				CLANG_WARN_QUOTED_INCLUDE_IN_FRAMEWORK_HEADER = YES;
				CLANG_WARN_RANGE_LOOP_ANALYSIS = YES;
				CLANG_WARN_STRICT_PROTOTYPES = YES;
				CLANG_WARN_SUSPICIOUS_MOVE = YES;
				CLANG_WARN_UNGUARDED_AVAILABILITY = YES_AGGRESSIVE;
				CLANG_WARN_UNREACHABLE_CODE = YES;
				CLANG_WARN__DUPLICATE_METHOD_MATCH = YES;
				COPY_PHASE_STRIP = NO;
				DEBUG_INFORMATION_FORMAT = dwarf;
				ENABLE_STRICT_OBJC_MSGSEND = YES;
				ENABLE_TESTABILITY = YES;
				ENABLE_USER_SCRIPT_SANDBOXING = YES;
				GCC_C_LANGUAGE_STANDARD = gnu17;
				GCC_DYNAMIC_NO_PIC = NO;
				GCC_NO_COMMON_BLOCKS = YES;
				GCC_OPTIMIZATION_LEVEL = 0;
				GCC_PREPROCESSOR_DEFINITIONS = (
					"DEBUG=1",
					"$(inherited)",
				);
				GCC_WARN_64_TO_32_BIT_CONVERSION = YES;
				GCC_WARN_ABOUT_RETURN_TYPE = YES_ERROR;
				GCC_WARN_UNDECLARED_SELECTOR = YES;
				GCC_WARN_UNINITIALIZED_AUTOS = YES_AGGRESSIVE;
				GCC_WARN_UNUSED_FUNCTION = YES;
				GCC_WARN_UNUSED_VARIABLE = YES;
				LOCALIZATION_PREFERS_STRING_CATALOGS = YES;
				MTL_ENABLE_DEBUG_INFO = INCLUDE_SOURCE;
				MTL_FAST_MATH = YES;
				ONLY_ACTIVE_ARCH = YES;
				SWIFT_ACTIVE_COMPILATION_CONDITIONS = "DEBUG $(inherited)";
				SWIFT_OPTIMIZATION_LEVEL = "-Onone";
			};
			name = Debug;
		};
		6C0C47602F16F7EF00940A31 /* Release */ = {
			isa = XCBuildConfiguration;
			buildSettings = {
				ALWAYS_SEARCH_USER_PATHS = NO;
				ASSETCATALOG_COMPILER_GENERATE_SWIFT_ASSET_SYMBOL_EXTENSIONS = YES;
				CLANG_ANALYZER_NONNULL = YES;
				CLANG_ANALYZER_NUMBER_OBJECT_CONVERSION = YES_AGGRESSIVE;
				CLANG_CXX_LANGUAGE_STANDARD = "gnu++20";
				CLANG_ENABLE_MODULES = YES;
				CLANG_ENABLE_OBJC_ARC = YES;
				CLANG_ENABLE_OBJC_WEAK = YES;
				CLANG_WARN_BLOCK_CAPTURE_AUTORELEASING = YES;
				CLANG_WARN_BOOL_CONVERSION = YES;
				CLANG_WARN_COMMA = YES;
				CLANG_WARN_CONSTANT_CONVERSION = YES;
				CLANG_WARN_DEPRECATED_OBJC_IMPLEMENTATIONS = YES;
				CLANG_WARN_DIRECT_OBJC_ISA_USAGE = YES_ERROR;
				CLANG_WARN_DOCUMENTATION_COMMENTS = YES;
				CLANG_WARN_EMPTY_BODY = YES;
				CLANG_WARN_ENUM_CONVERSION = YES;
				CLANG_WARN_INFINITE_RECURSION = YES;
				CLANG_WARN_INT_CONVERSION = YES;
				CLANG_WARN_NON_LITERAL_NULL_CONVERSION = YES;
				CLANG_WARN_OBJC_IMPLICIT_RETAIN_SELF = YES;
				CLANG_WARN_OBJC_LITERAL_CONVERSION = YES;
				CLANG_WARN_OBJC_ROOT_CLASS = YES_ERROR;
				CLANG_WARN_QUOTED_INCLUDE_IN_FRAMEWORK_HEADER = YES;
				CLANG_WARN_RANGE_LOOP_ANALYSIS = YES;
				CLANG_WARN_STRICT_PROTOTYPES = YES;
				CLANG_WARN_SUSPICIOUS_MOVE = YES;
				CLANG_WARN_UNGUARDED_AVAILABILITY = YES_AGGRESSIVE;
				CLANG_WARN_UNREACHABLE_CODE = YES;
				CLANG_WARN__DUPLICATE_METHOD_MATCH = YES;
				COPY_PHASE_STRIP = NO;
				DEBUG_INFORMATION_FORMAT = "dwarf-with-dsym";
				ENABLE_NS_ASSERTIONS = NO;
				ENABLE_STRICT_OBJC_MSGSEND = YES;
				ENABLE_USER_SCRIPT_SANDBOXING = YES;
				GCC_C_LANGUAGE_STANDARD = gnu17;
				GCC_NO_COMMON_BLOCKS = YES;
				GCC_WARN_64_TO_32_BIT_CONVERSION = YES;
				GCC_WARN_ABOUT_RETURN_TYPE = YES_ERROR;
				GCC_WARN_UNDECLARED_SELECTOR = YES;
				GCC_WARN_UNINITIALIZED_AUTOS = YES_AGGRESSIVE;
				GCC_WARN_UNUSED_FUNCTION = YES;
				GCC_WARN_UNUSED_VARIABLE = YES;
				LOCALIZATION_PREFERS_STRING_CATALOGS = YES;
				MTL_ENABLE_DEBUG_INFO = NO;
				MTL_FAST_MATH = YES;
				SWIFT_COMPILATION_MODE = wholemodule;
			};
			name = Release;
		};
		6C0C47622F16F7EF00940A31 /* Debug */ = {
			isa = XCBuildConfiguration;
			buildSettings = {
				ASSETCATALOG_COMPILER_APPICON_NAME = AppIcon;
				ASSETCATALOG_COMPILER_GLOBAL_ACCENT_COLOR_NAME = AccentColor;
				CODE_SIGN_STYLE = Automatic;
				CURRENT_PROJECT_VERSION = 1;
				DEVELOPMENT_TEAM = M3B94D7BVD;
				ENABLE_APP_SANDBOX = YES;
				ENABLE_PREVIEWS = YES;
				ENABLE_USER_SELECTED_FILES = readonly;
				GENERATE_INFOPLIST_FILE = YES;
				INFOPLIST_FILE = XtMate/Info.plist;
				INFOPLIST_KEY_NSCameraUsageDescription = "XtMate uses the camera to capture room dimensions";
				INFOPLIST_KEY_NSPhotoLibraryAddUsageDescription = "XtMate saves photos of property damage";
				"INFOPLIST_KEY_UIApplicationSceneManifest_Generation[sdk=iphoneos*]" = YES;
				"INFOPLIST_KEY_UIApplicationSceneManifest_Generation[sdk=iphonesimulator*]" = YES;
				"INFOPLIST_KEY_UIApplicationSupportsIndirectInputEvents[sdk=iphoneos*]" = YES;
				"INFOPLIST_KEY_UIApplicationSupportsIndirectInputEvents[sdk=iphonesimulator*]" = YES;
				"INFOPLIST_KEY_UILaunchScreen_Generation[sdk=iphoneos*]" = YES;
				"INFOPLIST_KEY_UILaunchScreen_Generation[sdk=iphonesimulator*]" = YES;
				"INFOPLIST_KEY_UIStatusBarStyle[sdk=iphoneos*]" = UIStatusBarStyleDefault;
				"INFOPLIST_KEY_UIStatusBarStyle[sdk=iphonesimulator*]" = UIStatusBarStyleDefault;
				INFOPLIST_KEY_UISupportedInterfaceOrientations_iPad = "UIInterfaceOrientationPortrait UIInterfaceOrientationPortraitUpsideDown UIInterfaceOrientationLandscapeLeft UIInterfaceOrientationLandscapeRight";
				INFOPLIST_KEY_UISupportedInterfaceOrientations_iPhone = "UIInterfaceOrientationPortrait UIInterfaceOrientationLandscapeLeft UIInterfaceOrientationLandscapeRight";
				IPHONEOS_DEPLOYMENT_TARGET = 17.6;
				LD_RUNPATH_SEARCH_PATHS = "@executable_path/Frameworks";
				"LD_RUNPATH_SEARCH_PATHS[sdk=macosx*]" = "@executable_path/../Frameworks";
				MACOSX_DEPLOYMENT_TARGET = 15.6;
				MARKETING_VERSION = 1.0;
				PRODUCT_BUNDLE_IDENTIFIER = DeHyl.XtMate;
				PRODUCT_NAME = "$(TARGET_NAME)";
				REGISTER_APP_GROUPS = YES;
				SDKROOT = auto;
				STRING_CATALOG_GENERATE_SYMBOLS = YES;
				SUPPORTED_PLATFORMS = "iphoneos iphonesimulator macosx xros xrsimulator";
				SWIFT_APPROACHABLE_CONCURRENCY = YES;
				SWIFT_DEFAULT_ACTOR_ISOLATION = MainActor;
				SWIFT_EMIT_LOC_STRINGS = YES;
				SWIFT_UPCOMING_FEATURE_MEMBER_IMPORT_VISIBILITY = YES;
				SWIFT_VERSION = 5.0;
				TARGETED_DEVICE_FAMILY = "1,2,7";
				XROS_DEPLOYMENT_TARGET = 26.2;
			};
			name = Debug;
		};
		6C0C47632F16F7EF00940A31 /* Release */ = {
			isa = XCBuildConfiguration;
			buildSettings = {
				ASSETCATALOG_COMPILER_APPICON_NAME = AppIcon;
				ASSETCATALOG_COMPILER_GLOBAL_ACCENT_COLOR_NAME = AccentColor;
				CODE_SIGN_STYLE = Automatic;
				CURRENT_PROJECT_VERSION = 1;
				DEVELOPMENT_TEAM = M3B94D7BVD;
				ENABLE_APP_SANDBOX = YES;
				ENABLE_PREVIEWS = YES;
				ENABLE_USER_SELECTED_FILES = readonly;
				GENERATE_INFOPLIST_FILE = YES;
				INFOPLIST_FILE = XtMate/Info.plist;
				INFOPLIST_KEY_NSCameraUsageDescription = "XtMate uses the camera to capture room dimensions";
				INFOPLIST_KEY_NSPhotoLibraryAddUsageDescription = "XtMate saves photos of property damage";
				"INFOPLIST_KEY_UIApplicationSceneManifest_Generation[sdk=iphoneos*]" = YES;
				"INFOPLIST_KEY_UIApplicationSceneManifest_Generation[sdk=iphonesimulator*]" = YES;
				"INFOPLIST_KEY_UIApplicationSupportsIndirectInputEvents[sdk=iphoneos*]" = YES;
				"INFOPLIST_KEY_UIApplicationSupportsIndirectInputEvents[sdk=iphonesimulator*]" = YES;
				"INFOPLIST_KEY_UILaunchScreen_Generation[sdk=iphoneos*]" = YES;
				"INFOPLIST_KEY_UILaunchScreen_Generation[sdk=iphonesimulator*]" = YES;
				"INFOPLIST_KEY_UIStatusBarStyle[sdk=iphoneos*]" = UIStatusBarStyleDefault;
				"INFOPLIST_KEY_UIStatusBarStyle[sdk=iphonesimulator*]" = UIStatusBarStyleDefault;
				INFOPLIST_KEY_UISupportedInterfaceOrientations_iPad = "UIInterfaceOrientationPortrait UIInterfaceOrientationPortraitUpsideDown UIInterfaceOrientationLandscapeLeft UIInterfaceOrientationLandscapeRight";
				INFOPLIST_KEY_UISupportedInterfaceOrientations_iPhone = "UIInterfaceOrientationPortrait UIInterfaceOrientationLandscapeLeft UIInterfaceOrientationLandscapeRight";
				IPHONEOS_DEPLOYMENT_TARGET = 17.6;
				LD_RUNPATH_SEARCH_PATHS = "@executable_path/Frameworks";
				"LD_RUNPATH_SEARCH_PATHS[sdk=macosx*]" = "@executable_path/../Frameworks";
				MACOSX_DEPLOYMENT_TARGET = 15.6;
				MARKETING_VERSION = 1.0;
				PRODUCT_BUNDLE_IDENTIFIER = DeHyl.XtMate;
				PRODUCT_NAME = "$(TARGET_NAME)";
				REGISTER_APP_GROUPS = YES;
				SDKROOT = auto;
				STRING_CATALOG_GENERATE_SYMBOLS = YES;
				SUPPORTED_PLATFORMS = "iphoneos iphonesimulator macosx xros xrsimulator";
				SWIFT_APPROACHABLE_CONCURRENCY = YES;
				SWIFT_DEFAULT_ACTOR_ISOLATION = MainActor;
				SWIFT_EMIT_LOC_STRINGS = YES;
				SWIFT_UPCOMING_FEATURE_MEMBER_IMPORT_VISIBILITY = YES;
				SWIFT_VERSION = 5.0;
				TARGETED_DEVICE_FAMILY = "1,2,7";
				XROS_DEPLOYMENT_TARGET = 26.2;
			};
			name = Release;
		};
/* End XCBuildConfiguration section */

/* Begin XCConfigurationList section */
		6C0C47512F16F7EE00940A31 /* Build configuration list for PBXProject "XtMate" */ = {
			isa = XCConfigurationList;
			buildConfigurations = (
				6C0C475F2F16F7EF00940A31 /* Debug */,
				6C0C47602F16F7EF00940A31 /* Release */,
			);
			defaultConfigurationIsVisible = 0;
			defaultConfigurationName = Release;
		};
		6C0C47612F16F7EF00940A31 /* Build configuration list for PBXNativeTarget "XtMate" */ = {
			isa = XCConfigurationList;
			buildConfigurations = (
				6C0C47622F16F7EF00940A31 /* Debug */,
				6C0C47632F16F7EF00940A31 /* Release */,
			);
			defaultConfigurationIsVisible = 0;
			defaultConfigurationName = Release;
		};
/* End XCConfigurationList section */
	};
	rootObject = 6C0C474E2F16F7EE00940A31 /* Project object */;
}
